
Microsoft Visual Studio Solution File, Format Version 12.00
# Visual Studio Version 17
VisualStudioVersion = 17.0.32002.185
MinimumVisualStudioVersion = 10.0.40219.1
Project("{FAE04EC0-301F-11D3-BF4B-00C04F79EFBC}") = "Covid19 automation test", "Covid19 automation test\Covid19 automation test.csproj", "{7002C9D1-7F26-4C55-A853-1607544E8D46}"
EndProject
Global
	GlobalSection(SolutionConfigurationPlatforms) = preSolution
		Debug|Any CPU = Debug|Any CPU
		Release|Any CPU = Release|Any CPU
	EndGlobalSection
	GlobalSection(ProjectConfigurationPlatforms) = postSolution
		{7002C9D1-7F26-4C55-A853-1607544E8D46}.Debug|Any CPU.ActiveCfg = Debug|Any CPU
		{7002C9D1-7F26-4C55-A853-1607544E8D46}.Debug|Any CPU.Build.0 = Debug|Any CPU
		{7002C9D1-7F26-4C55-A853-1607544E8D46}.Release|Any CPU.ActiveCfg = Release|Any CPU
		{7002C9D1-7F26-4C55-A853-1607544E8D46}.Release|Any CPU.Build.0 = Release|Any CPU
	EndGlobalSection
	GlobalSection(SolutionProperties) = preSolution
		HideSolutionNode = FALSE
	EndGlobalSection
	GlobalSection(ExtensibilityGlobals) = postSolution
		SolutionGuid = {390C53BF-30BD-4EE5-990A-4A9D5ED9DEFE}
	EndGlobalSection
EndGlobal
